
Microsoft Visual Studio Solution File, Format Version 12.00
# Visual Studio Version 17
VisualStudioVersion = 17.4.33122.133
MinimumVisualStudioVersion = 10.0.40219.1
Project("{FAE04EC0-301F-11D3-BF4B-00C04F79EFBC}") = "Faculdade", "Faculdade\Faculdade.csproj", "{748A2DAB-193E-447F-8AA5-8EAD60FB33E7}"
EndProject
Global
	GlobalSection(SolutionConfigurationPlatforms) = preSolution
		Debug|Any CPU = Debug|Any CPU
		Release|Any CPU = Release|Any CPU
	EndGlobalSection
	GlobalSection(ProjectConfigurationPlatforms) = postSolution
		{748A2DAB-193E-447F-8AA5-8EAD60FB33E7}.Debug|Any CPU.ActiveCfg = Debug|Any CPU
		{748A2DAB-193E-447F-8AA5-8EAD60FB33E7}.Debug|Any CPU.Build.0 = Debug|Any CPU
		{748A2DAB-193E-447F-8AA5-8EAD60FB33E7}.Release|Any CPU.ActiveCfg = Release|Any CPU
		{748A2DAB-193E-447F-8AA5-8EAD60FB33E7}.Release|Any CPU.Build.0 = Release|Any CPU
	EndGlobalSection
	GlobalSection(SolutionProperties) = preSolution
		HideSolutionNode = FALSE
	EndGlobalSection
	GlobalSection(ExtensibilityGlobals) = postSolution
		SolutionGuid = {158517D0-51F8-403F-BB27-583725B7869A}
	EndGlobalSection
EndGlobal
